
Microsoft Visual Studio Solution File, Format Version 12.00
# Visual Studio Version 17
VisualStudioVersion = 17.6.33815.320
MinimumVisualStudioVersion = 10.0.40219.1
Project("{8BC9CEB8-8B4A-11D0-8D11-00A0C91BC942}") = "FunLanguage", "FunLanguage.vcxproj", "{A751B7AC-8DDE-421C-85BB-3D23F80C6434}"
EndProject
Project("{8BC9CEB8-8B4A-11D0-8D11-00A0C91BC942}") = "Dcls", "..\Dcls\Dcls.vcxproj", "{7CC854DD-C79D-4CF2-9AAD-E343A3C0CC2B}"
EndProject
Project("{8BC9CEB8-8B4A-11D0-8D11-00A0C91BC942}") = "ForParser", "..\ForParser\ForParser.vcxproj", "{0EBB664A-3049-4C31-9011-F7540A971B57}"
EndProject
Project("{8BC9CEB8-8B4A-11D0-8D11-00A0C91BC942}") = "ListAndWriteStmnts", "..\ListAndWriteStmnts\ListAndWriteStmnts.vcxproj", "{234ABA12-DBD4-4251-861D-E9855D0AA999}"
EndProject
Project("{8BC9CEB8-8B4A-11D0-8D11-00A0C91BC942}") = "Expr", "..\Expr\Expr.vcxproj", "{259405E4-F9A2-402A-BDAC-1AF54AC50D3B}"
EndProject
Project("{8BC9CEB8-8B4A-11D0-8D11-00A0C91BC942}") = "LIstSmnts", "..\LIstSmnts\LIstSmnts.vcxproj", "{6952AA06-C6FF-428A-922D-17EBD5548ED2}"
EndProject
Project("{8BC9CEB8-8B4A-11D0-8D11-00A0C91BC942}") = "whilePart", "..\whilePart\whilePart.vcxproj", "{5968EB43-6416-42DA-B753-6BC50511B91C}"
EndProject
Global
	GlobalSection(SolutionConfigurationPlatforms) = preSolution
		Debug|x64 = Debug|x64
		Debug|x86 = Debug|x86
		Release|x64 = Release|x64
		Release|x86 = Release|x86
	EndGlobalSection
	GlobalSection(ProjectConfigurationPlatforms) = postSolution
		{A751B7AC-8DDE-421C-85BB-3D23F80C6434}.Debug|x64.ActiveCfg = Debug|x64
		{A751B7AC-8DDE-421C-85BB-3D23F80C6434}.Debug|x64.Build.0 = Debug|x64
		{A751B7AC-8DDE-421C-85BB-3D23F80C6434}.Debug|x86.ActiveCfg = Debug|Win32
		{A751B7AC-8DDE-421C-85BB-3D23F80C6434}.Debug|x86.Build.0 = Debug|Win32
		{A751B7AC-8DDE-421C-85BB-3D23F80C6434}.Release|x64.ActiveCfg = Release|x64
		{A751B7AC-8DDE-421C-85BB-3D23F80C6434}.Release|x64.Build.0 = Release|x64
		{A751B7AC-8DDE-421C-85BB-3D23F80C6434}.Release|x86.ActiveCfg = Release|Win32
		{A751B7AC-8DDE-421C-85BB-3D23F80C6434}.Release|x86.Build.0 = Release|Win32
		{7CC854DD-C79D-4CF2-9AAD-E343A3C0CC2B}.Debug|x64.ActiveCfg = Debug|x64
		{7CC854DD-C79D-4CF2-9AAD-E343A3C0CC2B}.Debug|x64.Build.0 = Debug|x64
		{7CC854DD-C79D-4CF2-9AAD-E343A3C0CC2B}.Debug|x86.ActiveCfg = Debug|Win32
		{7CC854DD-C79D-4CF2-9AAD-E343A3C0CC2B}.Debug|x86.Build.0 = Debug|Win32
		{7CC854DD-C79D-4CF2-9AAD-E343A3C0CC2B}.Release|x64.ActiveCfg = Release|x64
		{7CC854DD-C79D-4CF2-9AAD-E343A3C0CC2B}.Release|x64.Build.0 = Release|x64
		{7CC854DD-C79D-4CF2-9AAD-E343A3C0CC2B}.Release|x86.ActiveCfg = Release|Win32
		{7CC854DD-C79D-4CF2-9AAD-E343A3C0CC2B}.Release|x86.Build.0 = Release|Win32
		{0EBB664A-3049-4C31-9011-F7540A971B57}.Debug|x64.ActiveCfg = Debug|x64
		{0EBB664A-3049-4C31-9011-F7540A971B57}.Debug|x64.Build.0 = Debug|x64
		{0EBB664A-3049-4C31-9011-F7540A971B57}.Debug|x86.ActiveCfg = Debug|Win32
		{0EBB664A-3049-4C31-9011-F7540A971B57}.Debug|x86.Build.0 = Debug|Win32
		{0EBB664A-3049-4C31-9011-F7540A971B57}.Release|x64.ActiveCfg = Release|x64
		{0EBB664A-3049-4C31-9011-F7540A971B57}.Release|x64.Build.0 = Release|x64
		{0EBB664A-3049-4C31-9011-F7540A971B57}.Release|x86.ActiveCfg = Release|Win32
		{0EBB664A-3049-4C31-9011-F7540A971B57}.Release|x86.Build.0 = Release|Win32
		{234ABA12-DBD4-4251-861D-E9855D0AA999}.Debug|x64.ActiveCfg = Debug|x64
		{234ABA12-DBD4-4251-861D-E9855D0AA999}.Debug|x64.Build.0 = Debug|x64
		{234ABA12-DBD4-4251-861D-E9855D0AA999}.Debug|x86.ActiveCfg = Debug|Win32
		{234ABA12-DBD4-4251-861D-E9855D0AA999}.Debug|x86.Build.0 = Debug|Win32
		{234ABA12-DBD4-4251-861D-E9855D0AA999}.Release|x64.ActiveCfg = Release|x64
		{234ABA12-DBD4-4251-861D-E9855D0AA999}.Release|x64.Build.0 = Release|x64
		{234ABA12-DBD4-4251-861D-E9855D0AA999}.Release|x86.ActiveCfg = Release|Win32
		{234ABA12-DBD4-4251-861D-E9855D0AA999}.Release|x86.Build.0 = Release|Win32
		{259405E4-F9A2-402A-BDAC-1AF54AC50D3B}.Debug|x64.ActiveCfg = Debug|x64
		{259405E4-F9A2-402A-BDAC-1AF54AC50D3B}.Debug|x64.Build.0 = Debug|x64
		{259405E4-F9A2-402A-BDAC-1AF54AC50D3B}.Debug|x86.ActiveCfg = Debug|Win32
		{259405E4-F9A2-402A-BDAC-1AF54AC50D3B}.Debug|x86.Build.0 = Debug|Win32
		{259405E4-F9A2-402A-BDAC-1AF54AC50D3B}.Release|x64.ActiveCfg = Release|x64
		{259405E4-F9A2-402A-BDAC-1AF54AC50D3B}.Release|x64.Build.0 = Release|x64
		{259405E4-F9A2-402A-BDAC-1AF54AC50D3B}.Release|x86.ActiveCfg = Release|Win32
		{259405E4-F9A2-402A-BDAC-1AF54AC50D3B}.Release|x86.Build.0 = Release|Win32
		{6952AA06-C6FF-428A-922D-17EBD5548ED2}.Debug|x64.ActiveCfg = Debug|x64
		{6952AA06-C6FF-428A-922D-17EBD5548ED2}.Debug|x64.Build.0 = Debug|x64
		{6952AA06-C6FF-428A-922D-17EBD5548ED2}.Debug|x86.ActiveCfg = Debug|Win32
		{6952AA06-C6FF-428A-922D-17EBD5548ED2}.Debug|x86.Build.0 = Debug|Win32
		{6952AA06-C6FF-428A-922D-17EBD5548ED2}.Release|x64.ActiveCfg = Release|x64
		{6952AA06-C6FF-428A-922D-17EBD5548ED2}.Release|x64.Build.0 = Release|x64
		{6952AA06-C6FF-428A-922D-17EBD5548ED2}.Release|x86.ActiveCfg = Release|Win32
		{6952AA06-C6FF-428A-922D-17EBD5548ED2}.Release|x86.Build.0 = Release|Win32
		{5968EB43-6416-42DA-B753-6BC50511B91C}.Debug|x64.ActiveCfg = Debug|x64
		{5968EB43-6416-42DA-B753-6BC50511B91C}.Debug|x64.Build.0 = Debug|x64
		{5968EB43-6416-42DA-B753-6BC50511B91C}.Debug|x86.ActiveCfg = Debug|Win32
		{5968EB43-6416-42DA-B753-6BC50511B91C}.Debug|x86.Build.0 = Debug|Win32
		{5968EB43-6416-42DA-B753-6BC50511B91C}.Release|x64.ActiveCfg = Release|x64
		{5968EB43-6416-42DA-B753-6BC50511B91C}.Release|x64.Build.0 = Release|x64
		{5968EB43-6416-42DA-B753-6BC50511B91C}.Release|x86.ActiveCfg = Release|Win32
		{5968EB43-6416-42DA-B753-6BC50511B91C}.Release|x86.Build.0 = Release|Win32
	EndGlobalSection
	GlobalSection(SolutionProperties) = preSolution
		HideSolutionNode = FALSE
	EndGlobalSection
	GlobalSection(ExtensibilityGlobals) = postSolution
		SolutionGuid = {9333D847-5541-41D0-A5CF-C260C5943F25}
	EndGlobalSection
EndGlobal
